// !$*UTF8*$!
{
	archiveVersion = 1;
	classes = {
	};
	objectVersion = 46;
	objects = {

/* Begin PBXBuildFile section */
		74A931081CA0AD1A0099DB81 /* AppDelegate.swift in Sources */ = {isa = PBXBuildFile; fileRef = 74A931071CA0AD1A0099DB81 /* AppDelegate.swift */; };
		74A9310D1CA0AD1A0099DB81 /* Main.storyboard in Resources */ = {isa = PBXBuildFile; fileRef = 74A9310B1CA0AD1A0099DB81 /* Main.storyboard */; };
		74A9310F1CA0AD1A0099DB81 /* Assets.xcassets in Resources */ = {isa = PBXBuildFile; fileRef = 74A9310E1CA0AD1A0099DB81 /* Assets.xcassets */; };
		74A931121CA0AD1A0099DB81 /* LaunchScreen.storyboard in Resources */ = {isa = PBXBuildFile; fileRef = 74A931101CA0AD1A0099DB81 /* LaunchScreen.storyboard */; };
		74A9311A1CA0F9470099DB81 /* SearchTableViewController.swift in Sources */ = {isa = PBXBuildFile; fileRef = 74A931191CA0F9470099DB81 /* SearchTableViewController.swift */; };
		74A9311C1CA0F95E0099DB81 /* ProfileViewController.swift in Sources */ = {isa = PBXBuildFile; fileRef = 74A9311B1CA0F95E0099DB81 /* ProfileViewController.swift */; };
		74A931411CA19BDE0099DB81 /* ShedTableViewCell.swift in Sources */ = {isa = PBXBuildFile; fileRef = 74A931401CA19BDE0099DB81 /* ShedTableViewCell.swift */; };
		74A931471CA19C520099DB81 /* LeaderboardViewController.swift in Sources */ = {isa = PBXBuildFile; fileRef = 74A931461CA19C520099DB81 /* LeaderboardViewController.swift */; };
		74A931491CA19CBD0099DB81 /* Shed.swift in Sources */ = {isa = PBXBuildFile; fileRef = 74A931481CA19CBD0099DB81 /* Shed.swift */; };
		74A9314B1CA19CCE0099DB81 /* Hunter.swift in Sources */ = {isa = PBXBuildFile; fileRef = 74A9314A1CA19CCE0099DB81 /* Hunter.swift */; };
		74A9314D1CA19DD00099DB81 /* FirebaseController.swift in Sources */ = {isa = PBXBuildFile; fileRef = 74A9314C1CA19DD00099DB81 /* FirebaseController.swift */; };
		74A9314F1CA19DD90099DB81 /* HunterController.swift in Sources */ = {isa = PBXBuildFile; fileRef = 74A9314E1CA19DD90099DB81 /* HunterController.swift */; };
		74A931511CA19DE20099DB81 /* ShedController.swift in Sources */ = {isa = PBXBuildFile; fileRef = 74A931501CA19DE20099DB81 /* ShedController.swift */; };
		74A931531CA19DF10099DB81 /* LocationController.swift in Sources */ = {isa = PBXBuildFile; fileRef = 74A931521CA19DF10099DB81 /* LocationController.swift */; };
		74A931551CA19E000099DB81 /* PhotoController.swift in Sources */ = {isa = PBXBuildFile; fileRef = 74A931541CA19E000099DB81 /* PhotoController.swift */; };
		74A9315A1CA1B10A0099DB81 /* Comment.swift in Sources */ = {isa = PBXBuildFile; fileRef = 74A931591CA1B10A0099DB81 /* Comment.swift */; };
		74A931EC1CA1EF880099DB81 /* TinelineViewController.swift in Sources */ = {isa = PBXBuildFile; fileRef = 74A931EB1CA1EF880099DB81 /* TinelineViewController.swift */; };
		74A931FA1CA1F5D70099DB81 /* Firebase.framework in Frameworks */ = {isa = PBXBuildFile; fileRef = 74A931F91CA1F5D70099DB81 /* Firebase.framework */; };
		74A931FC1CA1F5EB0099DB81 /* SystemConfiguration.framework in Frameworks */ = {isa = PBXBuildFile; fileRef = 74A931FB1CA1F5EB0099DB81 /* SystemConfiguration.framework */; };
		74A931FE1CA1F5F30099DB81 /* CFNetwork.framework in Frameworks */ = {isa = PBXBuildFile; fileRef = 74A931FD1CA1F5F30099DB81 /* CFNetwork.framework */; };
		74A932001CA1F5F80099DB81 /* Security.framework in Frameworks */ = {isa = PBXBuildFile; fileRef = 74A931FF1CA1F5F80099DB81 /* Security.framework */; };
		74A932021CA1F5FE0099DB81 /* libicucore.tbd in Frameworks */ = {isa = PBXBuildFile; fileRef = 74A932011CA1F5FE0099DB81 /* libicucore.tbd */; };
		74A932041CA1F6040099DB81 /* libc++.tbd in Frameworks */ = {isa = PBXBuildFile; fileRef = 74A932031CA1F6040099DB81 /* libc++.tbd */; };
/* End PBXBuildFile section */

/* Begin PBXFileReference section */
		74A931041CA0AD1A0099DB81 /* Tine.app */ = {isa = PBXFileReference; explicitFileType = wrapper.application; includeInIndex = 0; path = Tine.app; sourceTree = BUILT_PRODUCTS_DIR; };
		74A931071CA0AD1A0099DB81 /* AppDelegate.swift */ = {isa = PBXFileReference; lastKnownFileType = sourcecode.swift; path = AppDelegate.swift; sourceTree = "<group>"; };
		74A9310C1CA0AD1A0099DB81 /* Base */ = {isa = PBXFileReference; lastKnownFileType = file.storyboard; name = Base; path = Base.lproj/Main.storyboard; sourceTree = "<group>"; };
		74A9310E1CA0AD1A0099DB81 /* Assets.xcassets */ = {isa = PBXFileReference; lastKnownFileType = folder.assetcatalog; path = Assets.xcassets; sourceTree = "<group>"; };
		74A931111CA0AD1A0099DB81 /* Base */ = {isa = PBXFileReference; lastKnownFileType = file.storyboard; name = Base; path = Base.lproj/LaunchScreen.storyboard; sourceTree = "<group>"; };
		74A931131CA0AD1A0099DB81 /* Info.plist */ = {isa = PBXFileReference; lastKnownFileType = text.plist.xml; path = Info.plist; sourceTree = "<group>"; };
		74A931191CA0F9470099DB81 /* SearchTableViewController.swift */ = {isa = PBXFileReference; fileEncoding = 4; lastKnownFileType = sourcecode.swift; path = SearchTableViewController.swift; sourceTree = "<group>"; };
		74A9311B1CA0F95E0099DB81 /* ProfileViewController.swift */ = {isa = PBXFileReference; fileEncoding = 4; lastKnownFileType = sourcecode.swift; path = ProfileViewController.swift; sourceTree = "<group>"; };
		74A931401CA19BDE0099DB81 /* ShedTableViewCell.swift */ = {isa = PBXFileReference; fileEncoding = 4; lastKnownFileType = sourcecode.swift; path = ShedTableViewCell.swift; sourceTree = "<group>"; };
		74A931461CA19C520099DB81 /* LeaderboardViewController.swift */ = {isa = PBXFileReference; fileEncoding = 4; lastKnownFileType = sourcecode.swift; path = LeaderboardViewController.swift; sourceTree = "<group>"; };
		74A931481CA19CBD0099DB81 /* Shed.swift */ = {isa = PBXFileReference; fileEncoding = 4; lastKnownFileType = sourcecode.swift; path = Shed.swift; sourceTree = "<group>"; };
		74A9314A1CA19CCE0099DB81 /* Hunter.swift */ = {isa = PBXFileReference; fileEncoding = 4; lastKnownFileType = sourcecode.swift; path = Hunter.swift; sourceTree = "<group>"; };
		74A9314C1CA19DD00099DB81 /* FirebaseController.swift */ = {isa = PBXFileReference; fileEncoding = 4; lastKnownFileType = sourcecode.swift; path = FirebaseController.swift; sourceTree = "<group>"; };
		74A9314E1CA19DD90099DB81 /* HunterController.swift */ = {isa = PBXFileReference; fileEncoding = 4; lastKnownFileType = sourcecode.swift; path = HunterController.swift; sourceTree = "<group>"; };
		74A931501CA19DE20099DB81 /* ShedController.swift */ = {isa = PBXFileReference; fileEncoding = 4; lastKnownFileType = sourcecode.swift; path = ShedController.swift; sourceTree = "<group>"; };
		74A931521CA19DF10099DB81 /* LocationController.swift */ = {isa = PBXFileReference; fileEncoding = 4; lastKnownFileType = sourcecode.swift; path = LocationController.swift; sourceTree = "<group>"; };
		74A931541CA19E000099DB81 /* PhotoController.swift */ = {isa = PBXFileReference; fileEncoding = 4; lastKnownFileType = sourcecode.swift; path = PhotoController.swift; sourceTree = "<group>"; };
		74A931591CA1B10A0099DB81 /* Comment.swift */ = {isa = PBXFileReference; fileEncoding = 4; lastKnownFileType = sourcecode.swift; path = Comment.swift; sourceTree = "<group>"; };
		74A931EB1CA1EF880099DB81 /* TinelineViewController.swift */ = {isa = PBXFileReference; fileEncoding = 4; lastKnownFileType = sourcecode.swift; path = TinelineViewController.swift; sourceTree = "<group>"; };
		74A931F91CA1F5D70099DB81 /* Firebase.framework */ = {isa = PBXFileReference; lastKnownFileType = wrapper.framework; path = Firebase.framework; sourceTree = "<group>"; };
		74A931FB1CA1F5EB0099DB81 /* SystemConfiguration.framework */ = {isa = PBXFileReference; lastKnownFileType = wrapper.framework; name = SystemConfiguration.framework; path = System/Library/Frameworks/SystemConfiguration.framework; sourceTree = SDKROOT; };
		74A931FD1CA1F5F30099DB81 /* CFNetwork.framework */ = {isa = PBXFileReference; lastKnownFileType = wrapper.framework; name = CFNetwork.framework; path = System/Library/Frameworks/CFNetwork.framework; sourceTree = SDKROOT; };
		74A931FF1CA1F5F80099DB81 /* Security.framework */ = {isa = PBXFileReference; lastKnownFileType = wrapper.framework; name = Security.framework; path = System/Library/Frameworks/Security.framework; sourceTree = SDKROOT; };
		74A932011CA1F5FE0099DB81 /* libicucore.tbd */ = {isa = PBXFileReference; lastKnownFileType = "sourcecode.text-based-dylib-definition"; name = libicucore.tbd; path = usr/lib/libicucore.tbd; sourceTree = SDKROOT; };
		74A932031CA1F6040099DB81 /* libc++.tbd */ = {isa = PBXFileReference; lastKnownFileType = "sourcecode.text-based-dylib-definition"; name = "libc++.tbd"; path = "usr/lib/libc++.tbd"; sourceTree = SDKROOT; };
/* End PBXFileReference section */

/* Begin PBXFrameworksBuildPhase section */
		74A931011CA0AD1A0099DB81 /* Frameworks */ = {
			isa = PBXFrameworksBuildPhase;
			buildActionMask = 2147483647;
			files = (
				74A932041CA1F6040099DB81 /* libc++.tbd in Frameworks */,
				74A932021CA1F5FE0099DB81 /* libicucore.tbd in Frameworks */,
				74A932001CA1F5F80099DB81 /* Security.framework in Frameworks */,
				74A931FE1CA1F5F30099DB81 /* CFNetwork.framework in Frameworks */,
				74A931FC1CA1F5EB0099DB81 /* SystemConfiguration.framework in Frameworks */,
				74A931FA1CA1F5D70099DB81 /* Firebase.framework in Frameworks */,
			);
			runOnlyForDeploymentPostprocessing = 0;
		};
/* End PBXFrameworksBuildPhase section */

/* Begin PBXGroup section */
		74A930FB1CA0AD1A0099DB81 = {
			isa = PBXGroup;
			children = (
				74A932031CA1F6040099DB81 /* libc++.tbd */,
				74A932011CA1F5FE0099DB81 /* libicucore.tbd */,
				74A931FF1CA1F5F80099DB81 /* Security.framework */,
				74A931FD1CA1F5F30099DB81 /* CFNetwork.framework */,
				74A931FB1CA1F5EB0099DB81 /* SystemConfiguration.framework */,
				74A931F91CA1F5D70099DB81 /* Firebase.framework */,
				74A931061CA0AD1A0099DB81 /* Tine */,
				74A931051CA0AD1A0099DB81 /* Products */,
			);
			sourceTree = "<group>";
		};
		74A931051CA0AD1A0099DB81 /* Products */ = {
			isa = PBXGroup;
			children = (
				74A931041CA0AD1A0099DB81 /* Tine.app */,
			);
			name = Products;
			sourceTree = "<group>";
		};
		74A931061CA0AD1A0099DB81 /* Tine */ = {
			isa = PBXGroup;
			children = (
				74A931071CA0AD1A0099DB81 /* AppDelegate.swift */,
				74A931581CA19E550099DB81 /* Model */,
				74A931561CA19E1A0099DB81 /* Controllers */,
				74A931571CA19E360099DB81 /* Views */,
				74A9310E1CA0AD1A0099DB81 /* Assets.xcassets */,
				74A9310B1CA0AD1A0099DB81 /* Main.storyboard */,
				74A931101CA0AD1A0099DB81 /* LaunchScreen.storyboard */,
				74A931131CA0AD1A0099DB81 /* Info.plist */,
			);
			path = Tine;
			sourceTree = "<group>";
		};
		74A931561CA19E1A0099DB81 /* Controllers */ = {
			isa = PBXGroup;
			children = (
				74A9314C1CA19DD00099DB81 /* FirebaseController.swift */,
				74A9314E1CA19DD90099DB81 /* HunterController.swift */,
				74A931501CA19DE20099DB81 /* ShedController.swift */,
				74A931521CA19DF10099DB81 /* LocationController.swift */,
				74A931541CA19E000099DB81 /* PhotoController.swift */,
			);
			name = Controllers;
			sourceTree = "<group>";
		};
		74A931571CA19E360099DB81 /* Views */ = {
			isa = PBXGroup;
			children = (
				74A931EB1CA1EF880099DB81 /* TinelineViewController.swift */,
				74A931401CA19BDE0099DB81 /* ShedTableViewCell.swift */,
				74A9311B1CA0F95E0099DB81 /* ProfileViewController.swift */,
				74A931461CA19C520099DB81 /* LeaderboardViewController.swift */,
				74A931191CA0F9470099DB81 /* SearchTableViewController.swift */,
			);
			name = Views;
			sourceTree = "<group>";
		};
		74A931581CA19E550099DB81 /* Model */ = {
			isa = PBXGroup;
			children = (
				74A931481CA19CBD0099DB81 /* Shed.swift */,
				74A9314A1CA19CCE0099DB81 /* Hunter.swift */,
				74A931591CA1B10A0099DB81 /* Comment.swift */,
			);
			name = Model;
			sourceTree = "<group>";
		};
/* End PBXGroup section */

/* Begin PBXNativeTarget section */
		74A931031CA0AD1A0099DB81 /* Tine */ = {
			isa = PBXNativeTarget;
			buildConfigurationList = 74A931161CA0AD1A0099DB81 /* Build configuration list for PBXNativeTarget "Tine" */;
			buildPhases = (
				74A931001CA0AD1A0099DB81 /* Sources */,
				74A931011CA0AD1A0099DB81 /* Frameworks */,
				74A931021CA0AD1A0099DB81 /* Resources */,
			);
			buildRules = (
			);
			dependencies = (
			);
			name = Tine;
			productName = Tine;
			productReference = 74A931041CA0AD1A0099DB81 /* Tine.app */;
			productType = "com.apple.product-type.application";
		};
/* End PBXNativeTarget section */

/* Begin PBXProject section */
		74A930FC1CA0AD1A0099DB81 /* Project object */ = {
			isa = PBXProject;
			attributes = {
				LastSwiftUpdateCheck = 0720;
				LastUpgradeCheck = 0720;
				ORGANIZATIONNAME = NSDesert;
				TargetAttributes = {
					74A931031CA0AD1A0099DB81 = {
						CreatedOnToolsVersion = 7.2.1;
					};
				};
			};
			buildConfigurationList = 74A930FF1CA0AD1A0099DB81 /* Build configuration list for PBXProject "Tine" */;
			compatibilityVersion = "Xcode 3.2";
			developmentRegion = English;
			hasScannedForEncodings = 0;
			knownRegions = (
				en,
				Base,
			);
			mainGroup = 74A930FB1CA0AD1A0099DB81;
			productRefGroup = 74A931051CA0AD1A0099DB81 /* Products */;
			projectDirPath = "";
			projectRoot = "";
			targets = (
				74A931031CA0AD1A0099DB81 /* Tine */,
			);
		};
/* End PBXProject section */

/* Begin PBXResourcesBuildPhase section */
		74A931021CA0AD1A0099DB81 /* Resources */ = {
			isa = PBXResourcesBuildPhase;
			buildActionMask = 2147483647;
			files = (
				74A931121CA0AD1A0099DB81 /* LaunchScreen.storyboard in Resources */,
				74A9310F1CA0AD1A0099DB81 /* Assets.xcassets in Resources */,
				74A9310D1CA0AD1A0099DB81 /* Main.storyboard in Resources */,
			);
			runOnlyForDeploymentPostprocessing = 0;
		};
/* End PBXResourcesBuildPhase section */

/* Begin PBXSourcesBuildPhase section */
		74A931001CA0AD1A0099DB81 /* Sources */ = {
			isa = PBXSourcesBuildPhase;
			buildActionMask = 2147483647;
			files = (
				74A9314D1CA19DD00099DB81 /* FirebaseController.swift in Sources */,
				74A931471CA19C520099DB81 /* LeaderboardViewController.swift in Sources */,
				74A931491CA19CBD0099DB81 /* Shed.swift in Sources */,
				74A9315A1CA1B10A0099DB81 /* Comment.swift in Sources */,
				74A931EC1CA1EF880099DB81 /* TinelineViewController.swift in Sources */,
				74A9314B1CA19CCE0099DB81 /* Hunter.swift in Sources */,
				74A9314F1CA19DD90099DB81 /* HunterController.swift in Sources */,
				74A931411CA19BDE0099DB81 /* ShedTableViewCell.swift in Sources */,
				74A9311A1CA0F9470099DB81 /* SearchTableViewController.swift in Sources */,
				74A9311C1CA0F95E0099DB81 /* ProfileViewController.swift in Sources */,
				74A931531CA19DF10099DB81 /* LocationController.swift in Sources */,
				74A931551CA19E000099DB81 /* PhotoController.swift in Sources */,
				74A931081CA0AD1A0099DB81 /* AppDelegate.swift in Sources */,
				74A931511CA19DE20099DB81 /* ShedController.swift in Sources */,
			);
			runOnlyForDeploymentPostprocessing = 0;
		};
/* End PBXSourcesBuildPhase section */

/* Begin PBXVariantGroup section */
		74A9310B1CA0AD1A0099DB81 /* Main.storyboard */ = {
			isa = PBXVariantGroup;
			children = (
				74A9310C1CA0AD1A0099DB81 /* Base */,
			);
			name = Main.storyboard;
			sourceTree = "<group>";
		};
		74A931101CA0AD1A0099DB81 /* LaunchScreen.storyboard */ = {
			isa = PBXVariantGroup;
			children = (
				74A931111CA0AD1A0099DB81 /* Base */,
			);
			name = LaunchScreen.storyboard;
			sourceTree = "<group>";
		};
/* End PBXVariantGroup section */

/* Begin XCBuildConfiguration section */
		74A931141CA0AD1A0099DB81 /* Debug */ = {
			isa = XCBuildConfiguration;
			buildSettings = {
				ALWAYS_SEARCH_USER_PATHS = NO;
				CLANG_CXX_LANGUAGE_STANDARD = "gnu++0x";
				CLANG_CXX_LIBRARY = "libc++";
				CLANG_ENABLE_MODULES = YES;
				CLANG_ENABLE_OBJC_ARC = YES;
				CLANG_WARN_BOOL_CONVERSION = YES;
				CLANG_WARN_CONSTANT_CONVERSION = YES;
				CLANG_WARN_DIRECT_OBJC_ISA_USAGE = YES_ERROR;
				CLANG_WARN_EMPTY_BODY = YES;
				CLANG_WARN_ENUM_CONVERSION = YES;
				CLANG_WARN_INT_CONVERSION = YES;
				CLANG_WARN_OBJC_ROOT_CLASS = YES_ERROR;
				CLANG_WARN_UNREACHABLE_CODE = YES;
				CLANG_WARN__DUPLICATE_METHOD_MATCH = YES;
				"CODE_SIGN_IDENTITY[sdk=iphoneos*]" = "iPhone Developer";
				COPY_PHASE_STRIP = NO;
				DEBUG_INFORMATION_FORMAT = dwarf;
				ENABLE_STRICT_OBJC_MSGSEND = YES;
				ENABLE_TESTABILITY = YES;
				GCC_C_LANGUAGE_STANDARD = gnu99;
				GCC_DYNAMIC_NO_PIC = NO;
				GCC_NO_COMMON_BLOCKS = YES;
				GCC_OPTIMIZATION_LEVEL = 0;
				GCC_PREPROCESSOR_DEFINITIONS = (
					"DEBUG=1",
					"$(inherited)",
				);
				GCC_WARN_64_TO_32_BIT_CONVERSION = YES;
				GCC_WARN_ABOUT_RETURN_TYPE = YES_ERROR;
				GCC_WARN_UNDECLARED_SELECTOR = YES;
				GCC_WARN_UNINITIALIZED_AUTOS = YES_AGGRESSIVE;
				GCC_WARN_UNUSED_FUNCTION = YES;
				GCC_WARN_UNUSED_VARIABLE = YES;
				IPHONEOS_DEPLOYMENT_TARGET = 9.2;
				MTL_ENABLE_DEBUG_INFO = YES;
				ONLY_ACTIVE_ARCH = YES;
				SDKROOT = iphoneos;
				SWIFT_OPTIMIZATION_LEVEL = "-Onone";
				TARGETED_DEVICE_FAMILY = "1,2";
			};
			name = Debug;
		};
		74A931151CA0AD1A0099DB81 /* Release */ = {
			isa = XCBuildConfiguration;
			buildSettings = {
				ALWAYS_SEARCH_USER_PATHS = NO;
				CLANG_CXX_LANGUAGE_STANDARD = "gnu++0x";
				CLANG_CXX_LIBRARY = "libc++";
				CLANG_ENABLE_MODULES = YES;
				CLANG_ENABLE_OBJC_ARC = YES;
				CLANG_WARN_BOOL_CONVERSION = YES;
				CLANG_WARN_CONSTANT_CONVERSION = YES;
				CLANG_WARN_DIRECT_OBJC_ISA_USAGE = YES_ERROR;
				CLANG_WARN_EMPTY_BODY = YES;
				CLANG_WARN_ENUM_CONVERSION = YES;
				CLANG_WARN_INT_CONVERSION = YES;
				CLANG_WARN_OBJC_ROOT_CLASS = YES_ERROR;
				CLANG_WARN_UNREACHABLE_CODE = YES;
				CLANG_WARN__DUPLICATE_METHOD_MATCH = YES;
				"CODE_SIGN_IDENTITY[sdk=iphoneos*]" = "iPhone Developer";
				COPY_PHASE_STRIP = NO;
				DEBUG_INFORMATION_FORMAT = "dwarf-with-dsym";
				ENABLE_NS_ASSERTIONS = NO;
				ENABLE_STRICT_OBJC_MSGSEND = YES;
				GCC_C_LANGUAGE_STANDARD = gnu99;
				GCC_NO_COMMON_BLOCKS = YES;
				GCC_WARN_64_TO_32_BIT_CONVERSION = YES;
				GCC_WARN_ABOUT_RETURN_TYPE = YES_ERROR;
				GCC_WARN_UNDECLARED_SELECTOR = YES;
				GCC_WARN_UNINITIALIZED_AUTOS = YES_AGGRESSIVE;
				GCC_WARN_UNUSED_FUNCTION = YES;
				GCC_WARN_UNUSED_VARIABLE = YES;
				IPHONEOS_DEPLOYMENT_TARGET = 9.2;
				MTL_ENABLE_DEBUG_INFO = NO;
				SDKROOT = iphoneos;
				TARGETED_DEVICE_FAMILY = "1,2";
				VALIDATE_PRODUCT = YES;
			};
			name = Release;
		};
		74A931171CA0AD1A0099DB81 /* Debug */ = {
			isa = XCBuildConfiguration;
			buildSettings = {
				ASSETCATALOG_COMPILER_APPICON_NAME = AppIcon;
				FRAMEWORK_SEARCH_PATHS = (
					"$(inherited)",
					"$(PROJECT_DIR)",
				);
				INFOPLIST_FILE = Tine/Info.plist;
				LD_RUNPATH_SEARCH_PATHS = "$(inherited) @executable_path/Frameworks";
				PRODUCT_BUNDLE_IDENTIFIER = com.example.Tine;
				PRODUCT_NAME = "$(TARGET_NAME)";
				TARGETED_DEVICE_FAMILY = 1;
			};
			name = Debug;
		};
		74A931181CA0AD1A0099DB81 /* Release */ = {
			isa = XCBuildConfiguration;
			buildSettings = {
				ASSETCATALOG_COMPILER_APPICON_NAME = AppIcon;
				FRAMEWORK_SEARCH_PATHS = (
					"$(inherited)",
					"$(PROJECT_DIR)",
				);
				INFOPLIST_FILE = Tine/Info.plist;
				LD_RUNPATH_SEARCH_PATHS = "$(inherited) @executable_path/Frameworks";
				PRODUCT_BUNDLE_IDENTIFIER = com.example.Tine;
				PRODUCT_NAME = "$(TARGET_NAME)";
				TARGETED_DEVICE_FAMILY = 1;
			};
			name = Release;
		};
/* End XCBuildConfiguration section */

/* Begin XCConfigurationList section */
		74A930FF1CA0AD1A0099DB81 /* Build configuration list for PBXProject "Tine" */ = {
			isa = XCConfigurationList;
			buildConfigurations = (
				74A931141CA0AD1A0099DB81 /* Debug */,
				74A931151CA0AD1A0099DB81 /* Release */,
			);
			defaultConfigurationIsVisible = 0;
			defaultConfigurationName = Release;
		};
		74A931161CA0AD1A0099DB81 /* Build configuration list for PBXNativeTarget "Tine" */ = {
			isa = XCConfigurationList;
			buildConfigurations = (
				74A931171CA0AD1A0099DB81 /* Debug */,
				74A931181CA0AD1A0099DB81 /* Release */,
			);
			defaultConfigurationIsVisible = 0;
			defaultConfigurationName = Release;
		};
/* End XCConfigurationList section */
	};
	rootObject = 74A930FC1CA0AD1A0099DB81 /* Project object */;
}
